
Microsoft Visual Studio Solution File, Format Version 12.00
# Visual Studio Version 17
VisualStudioVersion = 17.1.32407.343
MinimumVisualStudioVersion = 10.0.40219.1
Project("{FAE04EC0-301F-11D3-BF4B-00C04F79EFBC}") = "LABA_03", "LABA_03\LABA_03.csproj", "{55EEA5CC-0FEF-48C7-AAF4-D5EEA95644F2}"
EndProject
Project("{FAE04EC0-301F-11D3-BF4B-00C04F79EFBC}") = "1", "1\1.csproj", "{2B142FED-145D-4643-ACC4-1879B42D9C42}"
EndProject
Global
	GlobalSection(SolutionConfigurationPlatforms) = preSolution
		Debug|Any CPU = Debug|Any CPU
		Release|Any CPU = Release|Any CPU
	EndGlobalSection
	GlobalSection(ProjectConfigurationPlatforms) = postSolution
		{55EEA5CC-0FEF-48C7-AAF4-D5EEA95644F2}.Debug|Any CPU.ActiveCfg = Debug|Any CPU
		{55EEA5CC-0FEF-48C7-AAF4-D5EEA95644F2}.Debug|Any CPU.Build.0 = Debug|Any CPU
		{55EEA5CC-0FEF-48C7-AAF4-D5EEA95644F2}.Release|Any CPU.ActiveCfg = Release|Any CPU
		{55EEA5CC-0FEF-48C7-AAF4-D5EEA95644F2}.Release|Any CPU.Build.0 = Release|Any CPU
		{2B142FED-145D-4643-ACC4-1879B42D9C42}.Debug|Any CPU.ActiveCfg = Debug|Any CPU
		{2B142FED-145D-4643-ACC4-1879B42D9C42}.Debug|Any CPU.Build.0 = Debug|Any CPU
		{2B142FED-145D-4643-ACC4-1879B42D9C42}.Release|Any CPU.ActiveCfg = Release|Any CPU
		{2B142FED-145D-4643-ACC4-1879B42D9C42}.Release|Any CPU.Build.0 = Release|Any CPU
	EndGlobalSection
	GlobalSection(SolutionProperties) = preSolution
		HideSolutionNode = FALSE
	EndGlobalSection
	GlobalSection(ExtensibilityGlobals) = postSolution
		SolutionGuid = {C2EF7D64-C9D0-46D0-8C74-BBAF87A38C5C}
	EndGlobalSection
EndGlobal
