
Microsoft Visual Studio Solution File, Format Version 12.00
# Visual Studio Version 17
VisualStudioVersion = 17.1.32407.343
MinimumVisualStudioVersion = 10.0.40219.1
Project("{9A19103F-16F7-4668-BE54-9A1E7A4F7556}") = "LAB02", "LAB02\LAB02.csproj", "{13336CD7-904F-498E-BF3F-8143CD4F29FC}"
EndProject
Project("{9A19103F-16F7-4668-BE54-9A1E7A4F7556}") = "1. Largest Common End", "1. Largest Common End\1. Largest Common End.csproj", "{0193ED74-6052-436B-81D6-35C4D68AE8F2}"
EndProject
Project("{9A19103F-16F7-4668-BE54-9A1E7A4F7556}") = "2", "2\2.csproj", "{BD4D70C4-3EFD-4892-9A56-4ECE906346AC}"
EndProject
Project("{9A19103F-16F7-4668-BE54-9A1E7A4F7556}") = "3", "3\3.csproj", "{00A9F06A-6BFD-4323-8A5F-BA3281B229F1}"
EndProject
Project("{9A19103F-16F7-4668-BE54-9A1E7A4F7556}") = "4", "4\4.csproj", "{6A2005B5-F9AF-49AF-83E0-2C2816FD1F89}"
EndProject
Project("{9A19103F-16F7-4668-BE54-9A1E7A4F7556}") = "6", "6\6.csproj", "{9E334F94-B399-4FEF-98C2-6F060BF63C4B}"
EndProject
Project("{9A19103F-16F7-4668-BE54-9A1E7A4F7556}") = "7", "7\7.csproj", "{E572200C-846A-4CCB-AD30-146888921C1F}"
EndProject
Project("{9A19103F-16F7-4668-BE54-9A1E7A4F7556}") = "9", "9\9.csproj", "{8F2D56E6-566A-41C7-ACD9-22F745DB2E5F}"
EndProject
Project("{FAE04EC0-301F-11D3-BF4B-00C04F79EFBC}") = "10", "10\10.csproj", "{CF6D89B1-36AC-4D68-B4B2-C686FBC10177}"
EndProject
Global
	GlobalSection(SolutionConfigurationPlatforms) = preSolution
		Debug|Any CPU = Debug|Any CPU
		Release|Any CPU = Release|Any CPU
	EndGlobalSection
	GlobalSection(ProjectConfigurationPlatforms) = postSolution
		{13336CD7-904F-498E-BF3F-8143CD4F29FC}.Debug|Any CPU.ActiveCfg = Debug|Any CPU
		{13336CD7-904F-498E-BF3F-8143CD4F29FC}.Debug|Any CPU.Build.0 = Debug|Any CPU
		{13336CD7-904F-498E-BF3F-8143CD4F29FC}.Release|Any CPU.ActiveCfg = Release|Any CPU
		{13336CD7-904F-498E-BF3F-8143CD4F29FC}.Release|Any CPU.Build.0 = Release|Any CPU
		{0193ED74-6052-436B-81D6-35C4D68AE8F2}.Debug|Any CPU.ActiveCfg = Debug|Any CPU
		{0193ED74-6052-436B-81D6-35C4D68AE8F2}.Debug|Any CPU.Build.0 = Debug|Any CPU
		{0193ED74-6052-436B-81D6-35C4D68AE8F2}.Release|Any CPU.ActiveCfg = Release|Any CPU
		{0193ED74-6052-436B-81D6-35C4D68AE8F2}.Release|Any CPU.Build.0 = Release|Any CPU
		{BD4D70C4-3EFD-4892-9A56-4ECE906346AC}.Debug|Any CPU.ActiveCfg = Debug|Any CPU
		{BD4D70C4-3EFD-4892-9A56-4ECE906346AC}.Debug|Any CPU.Build.0 = Debug|Any CPU
		{BD4D70C4-3EFD-4892-9A56-4ECE906346AC}.Release|Any CPU.ActiveCfg = Release|Any CPU
		{BD4D70C4-3EFD-4892-9A56-4ECE906346AC}.Release|Any CPU.Build.0 = Release|Any CPU
		{00A9F06A-6BFD-4323-8A5F-BA3281B229F1}.Debug|Any CPU.ActiveCfg = Debug|Any CPU
		{00A9F06A-6BFD-4323-8A5F-BA3281B229F1}.Debug|Any CPU.Build.0 = Debug|Any CPU
		{00A9F06A-6BFD-4323-8A5F-BA3281B229F1}.Release|Any CPU.ActiveCfg = Release|Any CPU
		{00A9F06A-6BFD-4323-8A5F-BA3281B229F1}.Release|Any CPU.Build.0 = Release|Any CPU
		{6A2005B5-F9AF-49AF-83E0-2C2816FD1F89}.Debug|Any CPU.ActiveCfg = Debug|Any CPU
		{6A2005B5-F9AF-49AF-83E0-2C2816FD1F89}.Debug|Any CPU.Build.0 = Debug|Any CPU
		{6A2005B5-F9AF-49AF-83E0-2C2816FD1F89}.Release|Any CPU.ActiveCfg = Release|Any CPU
		{6A2005B5-F9AF-49AF-83E0-2C2816FD1F89}.Release|Any CPU.Build.0 = Release|Any CPU
		{9E334F94-B399-4FEF-98C2-6F060BF63C4B}.Debug|Any CPU.ActiveCfg = Debug|Any CPU
		{9E334F94-B399-4FEF-98C2-6F060BF63C4B}.Debug|Any CPU.Build.0 = Debug|Any CPU
		{9E334F94-B399-4FEF-98C2-6F060BF63C4B}.Release|Any CPU.ActiveCfg = Release|Any CPU
		{9E334F94-B399-4FEF-98C2-6F060BF63C4B}.Release|Any CPU.Build.0 = Release|Any CPU
		{E572200C-846A-4CCB-AD30-146888921C1F}.Debug|Any CPU.ActiveCfg = Debug|Any CPU
		{E572200C-846A-4CCB-AD30-146888921C1F}.Debug|Any CPU.Build.0 = Debug|Any CPU
		{E572200C-846A-4CCB-AD30-146888921C1F}.Release|Any CPU.ActiveCfg = Release|Any CPU
		{E572200C-846A-4CCB-AD30-146888921C1F}.Release|Any CPU.Build.0 = Release|Any CPU
		{8F2D56E6-566A-41C7-ACD9-22F745DB2E5F}.Debug|Any CPU.ActiveCfg = Debug|Any CPU
		{8F2D56E6-566A-41C7-ACD9-22F745DB2E5F}.Debug|Any CPU.Build.0 = Debug|Any CPU
		{8F2D56E6-566A-41C7-ACD9-22F745DB2E5F}.Release|Any CPU.ActiveCfg = Release|Any CPU
		{8F2D56E6-566A-41C7-ACD9-22F745DB2E5F}.Release|Any CPU.Build.0 = Release|Any CPU
		{CF6D89B1-36AC-4D68-B4B2-C686FBC10177}.Debug|Any CPU.ActiveCfg = Debug|Any CPU
		{CF6D89B1-36AC-4D68-B4B2-C686FBC10177}.Debug|Any CPU.Build.0 = Debug|Any CPU
		{CF6D89B1-36AC-4D68-B4B2-C686FBC10177}.Release|Any CPU.ActiveCfg = Release|Any CPU
		{CF6D89B1-36AC-4D68-B4B2-C686FBC10177}.Release|Any CPU.Build.0 = Release|Any CPU
	EndGlobalSection
	GlobalSection(SolutionProperties) = preSolution
		HideSolutionNode = FALSE
	EndGlobalSection
	GlobalSection(ExtensibilityGlobals) = postSolution
		SolutionGuid = {6EE9FD48-5429-4967-90A4-39AC207F10FD}
	EndGlobalSection
EndGlobal
