
Microsoft Visual Studio Solution File, Format Version 12.00
# Visual Studio Version 17
VisualStudioVersion = 17.1.32407.343
MinimumVisualStudioVersion = 10.0.40219.1
Project("{9A19103F-16F7-4668-BE54-9A1E7A4F7556}") = "P01_BillsPaymentSystem.App", "P01_BillsPaymentSystem.App\P01_BillsPaymentSystem.App.csproj", "{BEEC9930-C119-44D2-8F15-10F9AB033B59}"
EndProject
Project("{FAE04EC0-301F-11D3-BF4B-00C04F79EFBC}") = "P01_BillsPaymentSystem.Data.Models", "P01_BillsPaymentSystem.Data.Models\P01_BillsPaymentSystem.Data.Models.csproj", "{A4A088EF-1283-41C5-92B7-5D48F9420595}"
EndProject
Project("{FAE04EC0-301F-11D3-BF4B-00C04F79EFBC}") = "P01_BillsPaymentSystem.Data", "P01_BillsPaymentSystem.Data\P01_BillsPaymentSystem.Data.csproj", "{4CFB059D-4E79-435C-B95F-7F92AD459DA3}"
EndProject
Project("{9A19103F-16F7-4668-BE54-9A1E7A4F7556}") = "P01_BillsPaymentSystem.Core", "P01_BillsPaymentSystem.Core\P01_BillsPaymentSystem.Core.csproj", "{6BB6D844-FFAE-478B-9F44-CB89A35064F7}"
EndProject
Project("{FAE04EC0-301F-11D3-BF4B-00C04F79EFBC}") = "P01_BillsPaymentMethod.Initial", "P01_BillsPaymentMethod.Initial\P01_BillsPaymentMethod.Initial.csproj", "{02ABC28E-E431-4AF3-AB1D-84FCB0888E92}"
EndProject
Global
	GlobalSection(SolutionConfigurationPlatforms) = preSolution
		Debug|Any CPU = Debug|Any CPU
		Release|Any CPU = Release|Any CPU
	EndGlobalSection
	GlobalSection(ProjectConfigurationPlatforms) = postSolution
		{BEEC9930-C119-44D2-8F15-10F9AB033B59}.Debug|Any CPU.ActiveCfg = Debug|Any CPU
		{BEEC9930-C119-44D2-8F15-10F9AB033B59}.Debug|Any CPU.Build.0 = Debug|Any CPU
		{BEEC9930-C119-44D2-8F15-10F9AB033B59}.Release|Any CPU.ActiveCfg = Release|Any CPU
		{BEEC9930-C119-44D2-8F15-10F9AB033B59}.Release|Any CPU.Build.0 = Release|Any CPU
		{A4A088EF-1283-41C5-92B7-5D48F9420595}.Debug|Any CPU.ActiveCfg = Debug|Any CPU
		{A4A088EF-1283-41C5-92B7-5D48F9420595}.Debug|Any CPU.Build.0 = Debug|Any CPU
		{A4A088EF-1283-41C5-92B7-5D48F9420595}.Release|Any CPU.ActiveCfg = Release|Any CPU
		{A4A088EF-1283-41C5-92B7-5D48F9420595}.Release|Any CPU.Build.0 = Release|Any CPU
		{4CFB059D-4E79-435C-B95F-7F92AD459DA3}.Debug|Any CPU.ActiveCfg = Debug|Any CPU
		{4CFB059D-4E79-435C-B95F-7F92AD459DA3}.Debug|Any CPU.Build.0 = Debug|Any CPU
		{4CFB059D-4E79-435C-B95F-7F92AD459DA3}.Release|Any CPU.ActiveCfg = Release|Any CPU
		{4CFB059D-4E79-435C-B95F-7F92AD459DA3}.Release|Any CPU.Build.0 = Release|Any CPU
		{6BB6D844-FFAE-478B-9F44-CB89A35064F7}.Debug|Any CPU.ActiveCfg = Debug|Any CPU
		{6BB6D844-FFAE-478B-9F44-CB89A35064F7}.Debug|Any CPU.Build.0 = Debug|Any CPU
		{6BB6D844-FFAE-478B-9F44-CB89A35064F7}.Release|Any CPU.ActiveCfg = Release|Any CPU
		{6BB6D844-FFAE-478B-9F44-CB89A35064F7}.Release|Any CPU.Build.0 = Release|Any CPU
		{02ABC28E-E431-4AF3-AB1D-84FCB0888E92}.Debug|Any CPU.ActiveCfg = Debug|Any CPU
		{02ABC28E-E431-4AF3-AB1D-84FCB0888E92}.Debug|Any CPU.Build.0 = Debug|Any CPU
		{02ABC28E-E431-4AF3-AB1D-84FCB0888E92}.Release|Any CPU.ActiveCfg = Release|Any CPU
		{02ABC28E-E431-4AF3-AB1D-84FCB0888E92}.Release|Any CPU.Build.0 = Release|Any CPU
	EndGlobalSection
	GlobalSection(SolutionProperties) = preSolution
		HideSolutionNode = FALSE
	EndGlobalSection
	GlobalSection(ExtensibilityGlobals) = postSolution
		SolutionGuid = {3A8EE20E-738A-4522-8812-69136E63CE55}
	EndGlobalSection
EndGlobal
