
Microsoft Visual Studio Solution File, Format Version 12.00
# Visual Studio Version 17
VisualStudioVersion = 17.1.32407.343
MinimumVisualStudioVersion = 10.0.40219.1
Project("{FAE04EC0-301F-11D3-BF4B-00C04F79EFBC}") = "LAB_15", "LAB_15\LAB_15.csproj", "{78AB4CCD-8F37-4B60-8C5E-340BD9EC5C2C}"
EndProject
Project("{FAE04EC0-301F-11D3-BF4B-00C04F79EFBC}") = "LAB15_2", "LAB15_2\LAB15_2.csproj", "{8800AF53-E84F-409E-ABA8-DC8B755E3DE2}"
EndProject
Global
	GlobalSection(SolutionConfigurationPlatforms) = preSolution
		Debug|Any CPU = Debug|Any CPU
		Release|Any CPU = Release|Any CPU
	EndGlobalSection
	GlobalSection(ProjectConfigurationPlatforms) = postSolution
		{78AB4CCD-8F37-4B60-8C5E-340BD9EC5C2C}.Debug|Any CPU.ActiveCfg = Debug|Any CPU
		{78AB4CCD-8F37-4B60-8C5E-340BD9EC5C2C}.Debug|Any CPU.Build.0 = Debug|Any CPU
		{78AB4CCD-8F37-4B60-8C5E-340BD9EC5C2C}.Release|Any CPU.ActiveCfg = Release|Any CPU
		{78AB4CCD-8F37-4B60-8C5E-340BD9EC5C2C}.Release|Any CPU.Build.0 = Release|Any CPU
		{8800AF53-E84F-409E-ABA8-DC8B755E3DE2}.Debug|Any CPU.ActiveCfg = Debug|Any CPU
		{8800AF53-E84F-409E-ABA8-DC8B755E3DE2}.Debug|Any CPU.Build.0 = Debug|Any CPU
		{8800AF53-E84F-409E-ABA8-DC8B755E3DE2}.Release|Any CPU.ActiveCfg = Release|Any CPU
		{8800AF53-E84F-409E-ABA8-DC8B755E3DE2}.Release|Any CPU.Build.0 = Release|Any CPU
	EndGlobalSection
	GlobalSection(SolutionProperties) = preSolution
		HideSolutionNode = FALSE
	EndGlobalSection
	GlobalSection(ExtensibilityGlobals) = postSolution
		SolutionGuid = {0B0D54E4-DFDE-4B1F-9D75-7E949CEA65DD}
	EndGlobalSection
EndGlobal
