
Microsoft Visual Studio Solution File, Format Version 12.00
# Visual Studio Version 17
VisualStudioVersion = 17.1.32407.343
MinimumVisualStudioVersion = 10.0.40219.1
Project("{FAE04EC0-301F-11D3-BF4B-00C04F79EFBC}") = "LAB_16", "ConsoleApp2\LAB_16.csproj", "{A35B2A28-42E2-41A9-9060-14E01003A777}"
EndProject
Global
	GlobalSection(SolutionConfigurationPlatforms) = preSolution
		Debug|Any CPU = Debug|Any CPU
		Release|Any CPU = Release|Any CPU
	EndGlobalSection
	GlobalSection(ProjectConfigurationPlatforms) = postSolution
		{A35B2A28-42E2-41A9-9060-14E01003A777}.Debug|Any CPU.ActiveCfg = Debug|Any CPU
		{A35B2A28-42E2-41A9-9060-14E01003A777}.Debug|Any CPU.Build.0 = Debug|Any CPU
		{A35B2A28-42E2-41A9-9060-14E01003A777}.Release|Any CPU.ActiveCfg = Release|Any CPU
		{A35B2A28-42E2-41A9-9060-14E01003A777}.Release|Any CPU.Build.0 = Release|Any CPU
	EndGlobalSection
	GlobalSection(SolutionProperties) = preSolution
		HideSolutionNode = FALSE
	EndGlobalSection
	GlobalSection(ExtensibilityGlobals) = postSolution
		SolutionGuid = {F3BFC011-C73E-4B3E-AF5D-C4E21E4687BF}
	EndGlobalSection
EndGlobal
