
Microsoft Visual Studio Solution File, Format Version 12.00
# Visual Studio Version 17
VisualStudioVersion = 17.1.32407.343
MinimumVisualStudioVersion = 10.0.40219.1
Project("{FAE04EC0-301F-11D3-BF4B-00C04F79EFBC}") = "LAB_09", "LAB_09\LAB_09.csproj", "{DB138AFB-3801-4E64-9E84-1D1E951B25F6}"
EndProject
Global
	GlobalSection(SolutionConfigurationPlatforms) = preSolution
		Debug|Any CPU = Debug|Any CPU
		Release|Any CPU = Release|Any CPU
	EndGlobalSection
	GlobalSection(ProjectConfigurationPlatforms) = postSolution
		{DB138AFB-3801-4E64-9E84-1D1E951B25F6}.Debug|Any CPU.ActiveCfg = Debug|Any CPU
		{DB138AFB-3801-4E64-9E84-1D1E951B25F6}.Debug|Any CPU.Build.0 = Debug|Any CPU
		{DB138AFB-3801-4E64-9E84-1D1E951B25F6}.Release|Any CPU.ActiveCfg = Release|Any CPU
		{DB138AFB-3801-4E64-9E84-1D1E951B25F6}.Release|Any CPU.Build.0 = Release|Any CPU
	EndGlobalSection
	GlobalSection(SolutionProperties) = preSolution
		HideSolutionNode = FALSE
	EndGlobalSection
	GlobalSection(ExtensibilityGlobals) = postSolution
		SolutionGuid = {995BBD20-7F38-46DC-BFCD-A5816C570F01}
	EndGlobalSection
EndGlobal
