
Microsoft Visual Studio Solution File, Format Version 12.00
# Visual Studio Version 17
VisualStudioVersion = 17.1.32407.343
MinimumVisualStudioVersion = 10.0.40219.1
Project("{8BC9CEB8-8B4A-11D0-8D11-00A0C91BC942}") = "Теорія_алгоритмів_3", "Теорія_алгоритмів_3\Теорія_алгоритмів_3.vcxproj", "{8E38FE7F-95D5-43C8-84CA-268882F74076}"
EndProject
Global
	GlobalSection(SolutionConfigurationPlatforms) = preSolution
		Debug|x64 = Debug|x64
		Debug|x86 = Debug|x86
		Release|x64 = Release|x64
		Release|x86 = Release|x86
	EndGlobalSection
	GlobalSection(ProjectConfigurationPlatforms) = postSolution
		{8E38FE7F-95D5-43C8-84CA-268882F74076}.Debug|x64.ActiveCfg = Debug|x64
		{8E38FE7F-95D5-43C8-84CA-268882F74076}.Debug|x64.Build.0 = Debug|x64
		{8E38FE7F-95D5-43C8-84CA-268882F74076}.Debug|x86.ActiveCfg = Debug|Win32
		{8E38FE7F-95D5-43C8-84CA-268882F74076}.Debug|x86.Build.0 = Debug|Win32
		{8E38FE7F-95D5-43C8-84CA-268882F74076}.Release|x64.ActiveCfg = Release|x64
		{8E38FE7F-95D5-43C8-84CA-268882F74076}.Release|x64.Build.0 = Release|x64
		{8E38FE7F-95D5-43C8-84CA-268882F74076}.Release|x86.ActiveCfg = Release|Win32
		{8E38FE7F-95D5-43C8-84CA-268882F74076}.Release|x86.Build.0 = Release|Win32
	EndGlobalSection
	GlobalSection(SolutionProperties) = preSolution
		HideSolutionNode = FALSE
	EndGlobalSection
	GlobalSection(ExtensibilityGlobals) = postSolution
		SolutionGuid = {21E86BBF-5E52-4318-8449-F8F34A596203}
	EndGlobalSection
EndGlobal
